
Microsoft Visual Studio Solution File, Format Version 12.00
# Visual Studio Version 16
VisualStudioVersion = 16.0.30611.23
MinimumVisualStudioVersion = 10.0.40219.1
Project("{FAE04EC0-301F-11D3-BF4B-00C04F79EFBC}") = "Practica2.EF.MVC", "Practica2.EF.MVC\Practica2.EF.MVC.csproj", "{C6A3BA41-BD1B-47E3-9AFF-7B55B1065085}"
EndProject
Global
	GlobalSection(SolutionConfigurationPlatforms) = preSolution
		Debug|Any CPU = Debug|Any CPU
		Release|Any CPU = Release|Any CPU
	EndGlobalSection
	GlobalSection(ProjectConfigurationPlatforms) = postSolution
		{C6A3BA41-BD1B-47E3-9AFF-7B55B1065085}.Debug|Any CPU.ActiveCfg = Debug|Any CPU
		{C6A3BA41-BD1B-47E3-9AFF-7B55B1065085}.Debug|Any CPU.Build.0 = Debug|Any CPU
		{C6A3BA41-BD1B-47E3-9AFF-7B55B1065085}.Release|Any CPU.ActiveCfg = Release|Any CPU
		{C6A3BA41-BD1B-47E3-9AFF-7B55B1065085}.Release|Any CPU.Build.0 = Release|Any CPU
	EndGlobalSection
	GlobalSection(SolutionProperties) = preSolution
		HideSolutionNode = FALSE
	EndGlobalSection
	GlobalSection(ExtensibilityGlobals) = postSolution
		SolutionGuid = {2774ED63-4AF8-40F3-BBAD-2D813D07BC2F}
	EndGlobalSection
EndGlobal
